
Microsoft Visual Studio Solution File, Format Version 12.00
# Visual Studio Version 16
VisualStudioVersion = 16.0.30011.22
MinimumVisualStudioVersion = 10.0.40219.1
Project("{FAE04EC0-301F-11D3-BF4B-00C04F79EFBC}") = "Zoom", "Zoom\Zoom.csproj", "{45AF31AD-F69A-4E8E-93E6-75BA249DD9DC}"
EndProject
Global
	GlobalSection(SolutionConfigurationPlatforms) = preSolution
		Debug|Any CPU = Debug|Any CPU
		Release|Any CPU = Release|Any CPU
	EndGlobalSection
	GlobalSection(ProjectConfigurationPlatforms) = postSolution
		{45AF31AD-F69A-4E8E-93E6-75BA249DD9DC}.Debug|Any CPU.ActiveCfg = Debug|Any CPU
		{45AF31AD-F69A-4E8E-93E6-75BA249DD9DC}.Debug|Any CPU.Build.0 = Debug|Any CPU
		{45AF31AD-F69A-4E8E-93E6-75BA249DD9DC}.Release|Any CPU.ActiveCfg = Release|Any CPU
		{45AF31AD-F69A-4E8E-93E6-75BA249DD9DC}.Release|Any CPU.Build.0 = Release|Any CPU
	EndGlobalSection
	GlobalSection(SolutionProperties) = preSolution
		HideSolutionNode = FALSE
	EndGlobalSection
	GlobalSection(ExtensibilityGlobals) = postSolution
		SolutionGuid = {EA027F85-49CA-49C8-896E-992230D163C2}
	EndGlobalSection
EndGlobal
